// !$*UTF8*$!
{
	archiveVersion = 1;
	classes = {
	};
	objectVersion = 46;
	objects = {

/* Begin PBXBuildFile section */
		00E9454BC3F38DD34B591CFF /* libPods-EMEmojiableBtn_Example.a in Frameworks */ = {isa = PBXBuildFile; fileRef = E25E2D80F1D8623BC646E602 /* libPods-EMEmojiableBtn_Example.a */; };
		6003F58E195388D20070C39A /* Foundation.framework in Frameworks */ = {isa = PBXBuildFile; fileRef = 6003F58D195388D20070C39A /* Foundation.framework */; };
		6003F590195388D20070C39A /* CoreGraphics.framework in Frameworks */ = {isa = PBXBuildFile; fileRef = 6003F58F195388D20070C39A /* CoreGraphics.framework */; };
		6003F592195388D20070C39A /* UIKit.framework in Frameworks */ = {isa = PBXBuildFile; fileRef = 6003F591195388D20070C39A /* UIKit.framework */; };
		6003F598195388D20070C39A /* InfoPlist.strings in Resources */ = {isa = PBXBuildFile; fileRef = 6003F596195388D20070C39A /* InfoPlist.strings */; };
		6003F59A195388D20070C39A /* main.m in Sources */ = {isa = PBXBuildFile; fileRef = 6003F599195388D20070C39A /* main.m */; };
		6003F59E195388D20070C39A /* EMAppDelegate.m in Sources */ = {isa = PBXBuildFile; fileRef = 6003F59D195388D20070C39A /* EMAppDelegate.m */; };
		6003F5A7195388D20070C39A /* EMViewController.m in Sources */ = {isa = PBXBuildFile; fileRef = 6003F5A6195388D20070C39A /* EMViewController.m */; };
		6003F5A9195388D20070C39A /* Images.xcassets in Resources */ = {isa = PBXBuildFile; fileRef = 6003F5A8195388D20070C39A /* Images.xcassets */; };
		6003F5B0195388D20070C39A /* XCTest.framework in Frameworks */ = {isa = PBXBuildFile; fileRef = 6003F5AF195388D20070C39A /* XCTest.framework */; };
		6003F5B1195388D20070C39A /* Foundation.framework in Frameworks */ = {isa = PBXBuildFile; fileRef = 6003F58D195388D20070C39A /* Foundation.framework */; };
		6003F5B2195388D20070C39A /* UIKit.framework in Frameworks */ = {isa = PBXBuildFile; fileRef = 6003F591195388D20070C39A /* UIKit.framework */; };
		6003F5BA195388D20070C39A /* InfoPlist.strings in Resources */ = {isa = PBXBuildFile; fileRef = 6003F5B8195388D20070C39A /* InfoPlist.strings */; };
		6003F5BC195388D20070C39A /* Tests.m in Sources */ = {isa = PBXBuildFile; fileRef = 6003F5BB195388D20070C39A /* Tests.m */; };
		873B8AEB1B1F5CCA007FD442 /* Main.storyboard in Resources */ = {isa = PBXBuildFile; fileRef = 873B8AEA1B1F5CCA007FD442 /* Main.storyboard */; };
		8BBB7D451CAFD92D00AAB1BF /* img_1.png in Resources */ = {isa = PBXBuildFile; fileRef = 8BBB7D331CAFD92D00AAB1BF /* img_1.png */; };
		8BBB7D461CAFD92D00AAB1BF /* img_1@2x.png in Resources */ = {isa = PBXBuildFile; fileRef = 8BBB7D341CAFD92D00AAB1BF /* img_1@2x.png */; };
		8BBB7D471CAFD92D00AAB1BF /* img_1@3x.png in Resources */ = {isa = PBXBuildFile; fileRef = 8BBB7D351CAFD92D00AAB1BF /* img_1@3x.png */; };
		8BBB7D481CAFD92D00AAB1BF /* img_2.png in Resources */ = {isa = PBXBuildFile; fileRef = 8BBB7D361CAFD92D00AAB1BF /* img_2.png */; };
		8BBB7D491CAFD92D00AAB1BF /* img_2@2x.png in Resources */ = {isa = PBXBuildFile; fileRef = 8BBB7D371CAFD92D00AAB1BF /* img_2@2x.png */; };
		8BBB7D4A1CAFD92D00AAB1BF /* img_2@3x.png in Resources */ = {isa = PBXBuildFile; fileRef = 8BBB7D381CAFD92D00AAB1BF /* img_2@3x.png */; };
		8BBB7D4B1CAFD92D00AAB1BF /* img_3.png in Resources */ = {isa = PBXBuildFile; fileRef = 8BBB7D391CAFD92D00AAB1BF /* img_3.png */; };
		8BBB7D4C1CAFD92D00AAB1BF /* img_3@2x.png in Resources */ = {isa = PBXBuildFile; fileRef = 8BBB7D3A1CAFD92D00AAB1BF /* img_3@2x.png */; };
		8BBB7D4D1CAFD92D00AAB1BF /* img_3@3x.png in Resources */ = {isa = PBXBuildFile; fileRef = 8BBB7D3B1CAFD92D00AAB1BF /* img_3@3x.png */; };
		8BBB7D4E1CAFD92D00AAB1BF /* img_4.png in Resources */ = {isa = PBXBuildFile; fileRef = 8BBB7D3C1CAFD92D00AAB1BF /* img_4.png */; };
		8BBB7D4F1CAFD92D00AAB1BF /* img_4@2x.png in Resources */ = {isa = PBXBuildFile; fileRef = 8BBB7D3D1CAFD92D00AAB1BF /* img_4@2x.png */; };
		8BBB7D501CAFD92D00AAB1BF /* img_4@3x.png in Resources */ = {isa = PBXBuildFile; fileRef = 8BBB7D3E1CAFD92D00AAB1BF /* img_4@3x.png */; };
		8BBB7D511CAFD92D00AAB1BF /* img_5.png in Resources */ = {isa = PBXBuildFile; fileRef = 8BBB7D3F1CAFD92D00AAB1BF /* img_5.png */; };
		8BBB7D521CAFD92D00AAB1BF /* img_5@2x.png in Resources */ = {isa = PBXBuildFile; fileRef = 8BBB7D401CAFD92D00AAB1BF /* img_5@2x.png */; };
		8BBB7D531CAFD92D00AAB1BF /* img_5@3x.png in Resources */ = {isa = PBXBuildFile; fileRef = 8BBB7D411CAFD92D00AAB1BF /* img_5@3x.png */; };
		8BBB7D541CAFD92D00AAB1BF /* img_6.png in Resources */ = {isa = PBXBuildFile; fileRef = 8BBB7D421CAFD92D00AAB1BF /* img_6.png */; };
		8BBB7D551CAFD92D00AAB1BF /* img_6@2x.png in Resources */ = {isa = PBXBuildFile; fileRef = 8BBB7D431CAFD92D00AAB1BF /* img_6@2x.png */; };
		8BBB7D561CAFD92D00AAB1BF /* img_6@3x.png in Resources */ = {isa = PBXBuildFile; fileRef = 8BBB7D441CAFD92D00AAB1BF /* img_6@3x.png */; };
		8BEA5AD41CAF098100529E8A /* Launch Screen.storyboard in Resources */ = {isa = PBXBuildFile; fileRef = 8BEA5AD31CAF098100529E8A /* Launch Screen.storyboard */; };
		FC07069A44B4E9E4093530AA /* libPods-EMEmojiableBtn_Tests.a in Frameworks */ = {isa = PBXBuildFile; fileRef = F6028B2675C3E80979A4486A /* libPods-EMEmojiableBtn_Tests.a */; };
/* End PBXBuildFile section */

/* Begin PBXContainerItemProxy section */
		6003F5B3195388D20070C39A /* PBXContainerItemProxy */ = {
			isa = PBXContainerItemProxy;
			containerPortal = 6003F582195388D10070C39A /* Project object */;
			proxyType = 1;
			remoteGlobalIDString = 6003F589195388D20070C39A;
			remoteInfo = EMEmojiableBtn;
		};
/* End PBXContainerItemProxy section */

/* Begin PBXFileReference section */
		300630C3619F156BEF5ED2A5 /* Pods-EMEmojiableBtn_Example.debug.xcconfig */ = {isa = PBXFileReference; includeInIndex = 1; lastKnownFileType = text.xcconfig; name = "Pods-EMEmojiableBtn_Example.debug.xcconfig"; path = "Pods/Target Support Files/Pods-EMEmojiableBtn_Example/Pods-EMEmojiableBtn_Example.debug.xcconfig"; sourceTree = "<group>"; };
		6003F58A195388D20070C39A /* EMEmojiableBtn_Example.app */ = {isa = PBXFileReference; explicitFileType = wrapper.application; includeInIndex = 0; path = EMEmojiableBtn_Example.app; sourceTree = BUILT_PRODUCTS_DIR; };
		6003F58D195388D20070C39A /* Foundation.framework */ = {isa = PBXFileReference; lastKnownFileType = wrapper.framework; name = Foundation.framework; path = System/Library/Frameworks/Foundation.framework; sourceTree = SDKROOT; };
		6003F58F195388D20070C39A /* CoreGraphics.framework */ = {isa = PBXFileReference; lastKnownFileType = wrapper.framework; name = CoreGraphics.framework; path = System/Library/Frameworks/CoreGraphics.framework; sourceTree = SDKROOT; };
		6003F591195388D20070C39A /* UIKit.framework */ = {isa = PBXFileReference; lastKnownFileType = wrapper.framework; name = UIKit.framework; path = System/Library/Frameworks/UIKit.framework; sourceTree = SDKROOT; };
		6003F595195388D20070C39A /* EMEmojiableBtn-Info.plist */ = {isa = PBXFileReference; lastKnownFileType = text.plist.xml; path = "EMEmojiableBtn-Info.plist"; sourceTree = "<group>"; };
		6003F597195388D20070C39A /* en */ = {isa = PBXFileReference; lastKnownFileType = text.plist.strings; name = en; path = en.lproj/InfoPlist.strings; sourceTree = "<group>"; };
		6003F599195388D20070C39A /* main.m */ = {isa = PBXFileReference; lastKnownFileType = sourcecode.c.objc; path = main.m; sourceTree = "<group>"; };
		6003F59B195388D20070C39A /* EMEmojiableBtn-Prefix.pch */ = {isa = PBXFileReference; lastKnownFileType = sourcecode.c.h; path = "EMEmojiableBtn-Prefix.pch"; sourceTree = "<group>"; };
		6003F59C195388D20070C39A /* EMAppDelegate.h */ = {isa = PBXFileReference; lastKnownFileType = sourcecode.c.h; path = EMAppDelegate.h; sourceTree = "<group>"; };
		6003F59D195388D20070C39A /* EMAppDelegate.m */ = {isa = PBXFileReference; lastKnownFileType = sourcecode.c.objc; path = EMAppDelegate.m; sourceTree = "<group>"; };
		6003F5A5195388D20070C39A /* EMViewController.h */ = {isa = PBXFileReference; lastKnownFileType = sourcecode.c.h; path = EMViewController.h; sourceTree = "<group>"; };
		6003F5A6195388D20070C39A /* EMViewController.m */ = {isa = PBXFileReference; lastKnownFileType = sourcecode.c.objc; path = EMViewController.m; sourceTree = "<group>"; };
		6003F5A8195388D20070C39A /* Images.xcassets */ = {isa = PBXFileReference; lastKnownFileType = folder.assetcatalog; path = Images.xcassets; sourceTree = "<group>"; };
		6003F5AE195388D20070C39A /* EMEmojiableBtn_Tests.xctest */ = {isa = PBXFileReference; explicitFileType = wrapper.cfbundle; includeInIndex = 0; path = EMEmojiableBtn_Tests.xctest; sourceTree = BUILT_PRODUCTS_DIR; };
		6003F5AF195388D20070C39A /* XCTest.framework */ = {isa = PBXFileReference; lastKnownFileType = wrapper.framework; name = XCTest.framework; path = Library/Frameworks/XCTest.framework; sourceTree = DEVELOPER_DIR; };
		6003F5B7195388D20070C39A /* Tests-Info.plist */ = {isa = PBXFileReference; lastKnownFileType = text.plist.xml; path = "Tests-Info.plist"; sourceTree = "<group>"; };
		6003F5B9195388D20070C39A /* en */ = {isa = PBXFileReference; lastKnownFileType = text.plist.strings; name = en; path = en.lproj/InfoPlist.strings; sourceTree = "<group>"; };
		6003F5BB195388D20070C39A /* Tests.m */ = {isa = PBXFileReference; lastKnownFileType = sourcecode.c.objc; path = Tests.m; sourceTree = "<group>"; };
		606FC2411953D9B200FFA9A0 /* Tests-Prefix.pch */ = {isa = PBXFileReference; lastKnownFileType = sourcecode.c.h; path = "Tests-Prefix.pch"; sourceTree = "<group>"; };
		68D1AF52A5273131EDCEBA7B /* README.md */ = {isa = PBXFileReference; includeInIndex = 1; lastKnownFileType = net.daringfireball.markdown; name = README.md; path = ../README.md; sourceTree = "<group>"; };
		8127D5214F4A5D37B62B83A1 /* Pods-EMEmojiableBtn_Tests.debug.xcconfig */ = {isa = PBXFileReference; includeInIndex = 1; lastKnownFileType = text.xcconfig; name = "Pods-EMEmojiableBtn_Tests.debug.xcconfig"; path = "Pods/Target Support Files/Pods-EMEmojiableBtn_Tests/Pods-EMEmojiableBtn_Tests.debug.xcconfig"; sourceTree = "<group>"; };
		873B8AEA1B1F5CCA007FD442 /* Main.storyboard */ = {isa = PBXFileReference; fileEncoding = 4; lastKnownFileType = file.storyboard; path = Main.storyboard; sourceTree = "<group>"; };
		8BBB7D331CAFD92D00AAB1BF /* img_1.png */ = {isa = PBXFileReference; lastKnownFileType = image.png; path = img_1.png; sourceTree = "<group>"; };
		8BBB7D341CAFD92D00AAB1BF /* img_1@2x.png */ = {isa = PBXFileReference; lastKnownFileType = image.png; path = "img_1@2x.png"; sourceTree = "<group>"; };
		8BBB7D351CAFD92D00AAB1BF /* img_1@3x.png */ = {isa = PBXFileReference; lastKnownFileType = image.png; path = "img_1@3x.png"; sourceTree = "<group>"; };
		8BBB7D361CAFD92D00AAB1BF /* img_2.png */ = {isa = PBXFileReference; lastKnownFileType = image.png; path = img_2.png; sourceTree = "<group>"; };
		8BBB7D371CAFD92D00AAB1BF /* img_2@2x.png */ = {isa = PBXFileReference; lastKnownFileType = image.png; path = "img_2@2x.png"; sourceTree = "<group>"; };
		8BBB7D381CAFD92D00AAB1BF /* img_2@3x.png */ = {isa = PBXFileReference; lastKnownFileType = image.png; path = "img_2@3x.png"; sourceTree = "<group>"; };
		8BBB7D391CAFD92D00AAB1BF /* img_3.png */ = {isa = PBXFileReference; lastKnownFileType = image.png; path = img_3.png; sourceTree = "<group>"; };
		8BBB7D3A1CAFD92D00AAB1BF /* img_3@2x.png */ = {isa = PBXFileReference; lastKnownFileType = image.png; path = "img_3@2x.png"; sourceTree = "<group>"; };
		8BBB7D3B1CAFD92D00AAB1BF /* img_3@3x.png */ = {isa = PBXFileReference; lastKnownFileType = image.png; path = "img_3@3x.png"; sourceTree = "<group>"; };
		8BBB7D3C1CAFD92D00AAB1BF /* img_4.png */ = {isa = PBXFileReference; lastKnownFileType = image.png; path = img_4.png; sourceTree = "<group>"; };
		8BBB7D3D1CAFD92D00AAB1BF /* img_4@2x.png */ = {isa = PBXFileReference; lastKnownFileType = image.png; path = "img_4@2x.png"; sourceTree = "<group>"; };
		8BBB7D3E1CAFD92D00AAB1BF /* img_4@3x.png */ = {isa = PBXFileReference; lastKnownFileType = image.png; path = "img_4@3x.png"; sourceTree = "<group>"; };
		8BBB7D3F1CAFD92D00AAB1BF /* img_5.png */ = {isa = PBXFileReference; lastKnownFileType = image.png; path = img_5.png; sourceTree = "<group>"; };
		8BBB7D401CAFD92D00AAB1BF /* img_5@2x.png */ = {isa = PBXFileReference; lastKnownFileType = image.png; path = "img_5@2x.png"; sourceTree = "<group>"; };
		8BBB7D411CAFD92D00AAB1BF /* img_5@3x.png */ = {isa = PBXFileReference; lastKnownFileType = image.png; path = "img_5@3x.png"; sourceTree = "<group>"; };
		8BBB7D421CAFD92D00AAB1BF /* img_6.png */ = {isa = PBXFileReference; lastKnownFileType = image.png; path = img_6.png; sourceTree = "<group>"; };
		8BBB7D431CAFD92D00AAB1BF /* img_6@2x.png */ = {isa = PBXFileReference; lastKnownFileType = image.png; path = "img_6@2x.png"; sourceTree = "<group>"; };
		8BBB7D441CAFD92D00AAB1BF /* img_6@3x.png */ = {isa = PBXFileReference; lastKnownFileType = image.png; path = "img_6@3x.png"; sourceTree = "<group>"; };
		8BEA5AD31CAF098100529E8A /* Launch Screen.storyboard */ = {isa = PBXFileReference; fileEncoding = 4; lastKnownFileType = file.storyboard; path = "Launch Screen.storyboard"; sourceTree = "<group>"; };
		8F831A2D6582B6F5DEDD4752 /* Pods-EMEmojiableBtn_Tests.release.xcconfig */ = {isa = PBXFileReference; includeInIndex = 1; lastKnownFileType = text.xcconfig; name = "Pods-EMEmojiableBtn_Tests.release.xcconfig"; path = "Pods/Target Support Files/Pods-EMEmojiableBtn_Tests/Pods-EMEmojiableBtn_Tests.release.xcconfig"; sourceTree = "<group>"; };
		BD941E969616ECBE8FBE77F9 /* EMEmojiableBtn.podspec */ = {isa = PBXFileReference; includeInIndex = 1; lastKnownFileType = text; name = EMEmojiableBtn.podspec; path = ../EMEmojiableBtn.podspec; sourceTree = "<group>"; };
		CD35F3497614D6C0A46A92EB /* Pods-EMEmojiableBtn_Example.release.xcconfig */ = {isa = PBXFileReference; includeInIndex = 1; lastKnownFileType = text.xcconfig; name = "Pods-EMEmojiableBtn_Example.release.xcconfig"; path = "Pods/Target Support Files/Pods-EMEmojiableBtn_Example/Pods-EMEmojiableBtn_Example.release.xcconfig"; sourceTree = "<group>"; };
		E25E2D80F1D8623BC646E602 /* libPods-EMEmojiableBtn_Example.a */ = {isa = PBXFileReference; explicitFileType = archive.ar; includeInIndex = 0; path = "libPods-EMEmojiableBtn_Example.a"; sourceTree = BUILT_PRODUCTS_DIR; };
		F6028B2675C3E80979A4486A /* libPods-EMEmojiableBtn_Tests.a */ = {isa = PBXFileReference; explicitFileType = archive.ar; includeInIndex = 0; path = "libPods-EMEmojiableBtn_Tests.a"; sourceTree = BUILT_PRODUCTS_DIR; };
		FAFE8FEE2ECCA197CD25130A /* LICENSE */ = {isa = PBXFileReference; includeInIndex = 1; lastKnownFileType = text; name = LICENSE; path = ../LICENSE; sourceTree = "<group>"; };
/* End PBXFileReference section */

/* Begin PBXFrameworksBuildPhase section */
		6003F587195388D20070C39A /* Frameworks */ = {
			isa = PBXFrameworksBuildPhase;
			buildActionMask = 2147483647;
			files = (
				6003F590195388D20070C39A /* CoreGraphics.framework in Frameworks */,
				6003F592195388D20070C39A /* UIKit.framework in Frameworks */,
				6003F58E195388D20070C39A /* Foundation.framework in Frameworks */,
				00E9454BC3F38DD34B591CFF /* libPods-EMEmojiableBtn_Example.a in Frameworks */,
			);
			runOnlyForDeploymentPostprocessing = 0;
		};
		6003F5AB195388D20070C39A /* Frameworks */ = {
			isa = PBXFrameworksBuildPhase;
			buildActionMask = 2147483647;
			files = (
				6003F5B0195388D20070C39A /* XCTest.framework in Frameworks */,
				6003F5B2195388D20070C39A /* UIKit.framework in Frameworks */,
				6003F5B1195388D20070C39A /* Foundation.framework in Frameworks */,
				FC07069A44B4E9E4093530AA /* libPods-EMEmojiableBtn_Tests.a in Frameworks */,
			);
			runOnlyForDeploymentPostprocessing = 0;
		};
/* End PBXFrameworksBuildPhase section */

/* Begin PBXGroup section */
		6003F581195388D10070C39A = {
			isa = PBXGroup;
			children = (
				60FF7A9C1954A5C5007DD14C /* Podspec Metadata */,
				6003F593195388D20070C39A /* Example for EMEmojiableBtn */,
				6003F5B5195388D20070C39A /* Tests */,
				6003F58C195388D20070C39A /* Frameworks */,
				6003F58B195388D20070C39A /* Products */,
				DB5FA0C751838C70B72D179D /* Pods */,
			);
			sourceTree = "<group>";
		};
		6003F58B195388D20070C39A /* Products */ = {
			isa = PBXGroup;
			children = (
				6003F58A195388D20070C39A /* EMEmojiableBtn_Example.app */,
				6003F5AE195388D20070C39A /* EMEmojiableBtn_Tests.xctest */,
			);
			name = Products;
			sourceTree = "<group>";
		};
		6003F58C195388D20070C39A /* Frameworks */ = {
			isa = PBXGroup;
			children = (
				6003F58D195388D20070C39A /* Foundation.framework */,
				6003F58F195388D20070C39A /* CoreGraphics.framework */,
				6003F591195388D20070C39A /* UIKit.framework */,
				6003F5AF195388D20070C39A /* XCTest.framework */,
				E25E2D80F1D8623BC646E602 /* libPods-EMEmojiableBtn_Example.a */,
				F6028B2675C3E80979A4486A /* libPods-EMEmojiableBtn_Tests.a */,
			);
			name = Frameworks;
			sourceTree = "<group>";
		};
		6003F593195388D20070C39A /* Example for EMEmojiableBtn */ = {
			isa = PBXGroup;
			children = (
				8BBB7D321CAFD91D00AAB1BF /* Assets */,
				6003F59C195388D20070C39A /* EMAppDelegate.h */,
				6003F59D195388D20070C39A /* EMAppDelegate.m */,
				873B8AEA1B1F5CCA007FD442 /* Main.storyboard */,
				6003F5A5195388D20070C39A /* EMViewController.h */,
				6003F5A6195388D20070C39A /* EMViewController.m */,
				6003F5A8195388D20070C39A /* Images.xcassets */,
				6003F594195388D20070C39A /* Supporting Files */,
				8BEA5AD31CAF098100529E8A /* Launch Screen.storyboard */,
			);
			name = "Example for EMEmojiableBtn";
			path = EMEmojiableBtn;
			sourceTree = "<group>";
		};
		6003F594195388D20070C39A /* Supporting Files */ = {
			isa = PBXGroup;
			children = (
				6003F595195388D20070C39A /* EMEmojiableBtn-Info.plist */,
				6003F596195388D20070C39A /* InfoPlist.strings */,
				6003F599195388D20070C39A /* main.m */,
				6003F59B195388D20070C39A /* EMEmojiableBtn-Prefix.pch */,
			);
			name = "Supporting Files";
			sourceTree = "<group>";
		};
		6003F5B5195388D20070C39A /* Tests */ = {
			isa = PBXGroup;
			children = (
				6003F5BB195388D20070C39A /* Tests.m */,
				6003F5B6195388D20070C39A /* Supporting Files */,
			);
			path = Tests;
			sourceTree = "<group>";
		};
		6003F5B6195388D20070C39A /* Supporting Files */ = {
			isa = PBXGroup;
			children = (
				6003F5B7195388D20070C39A /* Tests-Info.plist */,
				6003F5B8195388D20070C39A /* InfoPlist.strings */,
				606FC2411953D9B200FFA9A0 /* Tests-Prefix.pch */,
			);
			name = "Supporting Files";
			sourceTree = "<group>";
		};
		60FF7A9C1954A5C5007DD14C /* Podspec Metadata */ = {
			isa = PBXGroup;
			children = (
				BD941E969616ECBE8FBE77F9 /* EMEmojiableBtn.podspec */,
				68D1AF52A5273131EDCEBA7B /* README.md */,
				FAFE8FEE2ECCA197CD25130A /* LICENSE */,
			);
			name = "Podspec Metadata";
			sourceTree = "<group>";
		};
		8BBB7D321CAFD91D00AAB1BF /* Assets */ = {
			isa = PBXGroup;
			children = (
				8BBB7D331CAFD92D00AAB1BF /* img_1.png */,
				8BBB7D341CAFD92D00AAB1BF /* img_1@2x.png */,
				8BBB7D351CAFD92D00AAB1BF /* img_1@3x.png */,
				8BBB7D361CAFD92D00AAB1BF /* img_2.png */,
				8BBB7D371CAFD92D00AAB1BF /* img_2@2x.png */,
				8BBB7D381CAFD92D00AAB1BF /* img_2@3x.png */,
				8BBB7D391CAFD92D00AAB1BF /* img_3.png */,
				8BBB7D3A1CAFD92D00AAB1BF /* img_3@2x.png */,
				8BBB7D3B1CAFD92D00AAB1BF /* img_3@3x.png */,
				8BBB7D3C1CAFD92D00AAB1BF /* img_4.png */,
				8BBB7D3D1CAFD92D00AAB1BF /* img_4@2x.png */,
				8BBB7D3E1CAFD92D00AAB1BF /* img_4@3x.png */,
				8BBB7D3F1CAFD92D00AAB1BF /* img_5.png */,
				8BBB7D401CAFD92D00AAB1BF /* img_5@2x.png */,
				8BBB7D411CAFD92D00AAB1BF /* img_5@3x.png */,
				8BBB7D421CAFD92D00AAB1BF /* img_6.png */,
				8BBB7D431CAFD92D00AAB1BF /* img_6@2x.png */,
				8BBB7D441CAFD92D00AAB1BF /* img_6@3x.png */,
			);
			path = Assets;
			sourceTree = "<group>";
		};
		DB5FA0C751838C70B72D179D /* Pods */ = {
			isa = PBXGroup;
			children = (
				300630C3619F156BEF5ED2A5 /* Pods-EMEmojiableBtn_Example.debug.xcconfig */,
				CD35F3497614D6C0A46A92EB /* Pods-EMEmojiableBtn_Example.release.xcconfig */,
				8127D5214F4A5D37B62B83A1 /* Pods-EMEmojiableBtn_Tests.debug.xcconfig */,
				8F831A2D6582B6F5DEDD4752 /* Pods-EMEmojiableBtn_Tests.release.xcconfig */,
			);
			name = Pods;
			sourceTree = "<group>";
		};
/* End PBXGroup section */

/* Begin PBXNativeTarget section */
		6003F589195388D20070C39A /* EMEmojiableBtn_Example */ = {
			isa = PBXNativeTarget;
			buildConfigurationList = 6003F5BF195388D20070C39A /* Build configuration list for PBXNativeTarget "EMEmojiableBtn_Example" */;
			buildPhases = (
				92BFB550A6403BBB866FA4F5 /* 📦 Check Pods Manifest.lock */,
				6003F586195388D20070C39A /* Sources */,
				6003F587195388D20070C39A /* Frameworks */,
				6003F588195388D20070C39A /* Resources */,
				AC86A9BD9D30A4FE10A8C33E /* 📦 Embed Pods Frameworks */,
				62314ADC26DEFED930CB6DCC /* 📦 Copy Pods Resources */,
			);
			buildRules = (
			);
			dependencies = (
			);
			name = EMEmojiableBtn_Example;
			productName = EMEmojiableBtn;
			productReference = 6003F58A195388D20070C39A /* EMEmojiableBtn_Example.app */;
			productType = "com.apple.product-type.application";
		};
		6003F5AD195388D20070C39A /* EMEmojiableBtn_Tests */ = {
			isa = PBXNativeTarget;
			buildConfigurationList = 6003F5C2195388D20070C39A /* Build configuration list for PBXNativeTarget "EMEmojiableBtn_Tests" */;
			buildPhases = (
				2308D119BE18005DF9DB0D62 /* 📦 Check Pods Manifest.lock */,
				6003F5AA195388D20070C39A /* Sources */,
				6003F5AB195388D20070C39A /* Frameworks */,
				6003F5AC195388D20070C39A /* Resources */,
				8CC9C9E08DF263A3DEAAFF18 /* 📦 Embed Pods Frameworks */,
				BAF928D6CC5813025A997CB2 /* 📦 Copy Pods Resources */,
			);
			buildRules = (
			);
			dependencies = (
				6003F5B4195388D20070C39A /* PBXTargetDependency */,
			);
			name = EMEmojiableBtn_Tests;
			productName = EMEmojiableBtnTests;
			productReference = 6003F5AE195388D20070C39A /* EMEmojiableBtn_Tests.xctest */;
			productType = "com.apple.product-type.bundle.unit-test";
		};
/* End PBXNativeTarget section */

/* Begin PBXProject section */
		6003F582195388D10070C39A /* Project object */ = {
			isa = PBXProject;
			attributes = {
				CLASSPREFIX = EM;
				LastUpgradeCheck = 0720;
				ORGANIZATIONNAME = Erekle;
				TargetAttributes = {
					6003F5AD195388D20070C39A = {
						TestTargetID = 6003F589195388D20070C39A;
					};
				};
			};
			buildConfigurationList = 6003F585195388D10070C39A /* Build configuration list for PBXProject "EMEmojiableBtn" */;
			compatibilityVersion = "Xcode 3.2";
			developmentRegion = English;
			hasScannedForEncodings = 0;
			knownRegions = (
				en,
				Base,
			);
			mainGroup = 6003F581195388D10070C39A;
			productRefGroup = 6003F58B195388D20070C39A /* Products */;
			projectDirPath = "";
			projectRoot = "";
			targets = (
				6003F589195388D20070C39A /* EMEmojiableBtn_Example */,
				6003F5AD195388D20070C39A /* EMEmojiableBtn_Tests */,
			);
		};
/* End PBXProject section */

/* Begin PBXResourcesBuildPhase section */
		6003F588195388D20070C39A /* Resources */ = {
			isa = PBXResourcesBuildPhase;
			buildActionMask = 2147483647;
			files = (
				8BBB7D461CAFD92D00AAB1BF /* img_1@2x.png in Resources */,
				873B8AEB1B1F5CCA007FD442 /* Main.storyboard in Resources */,
				8BBB7D521CAFD92D00AAB1BF /* img_5@2x.png in Resources */,
				8BBB7D4F1CAFD92D00AAB1BF /* img_4@2x.png in Resources */,
				8BBB7D511CAFD92D00AAB1BF /* img_5.png in Resources */,
				8BBB7D4A1CAFD92D00AAB1BF /* img_2@3x.png in Resources */,
				8BBB7D491CAFD92D00AAB1BF /* img_2@2x.png in Resources */,
				8BBB7D551CAFD92D00AAB1BF /* img_6@2x.png in Resources */,
				8BBB7D561CAFD92D00AAB1BF /* img_6@3x.png in Resources */,
				8BBB7D481CAFD92D00AAB1BF /* img_2.png in Resources */,
				6003F5A9195388D20070C39A /* Images.xcassets in Resources */,
				8BEA5AD41CAF098100529E8A /* Launch Screen.storyboard in Resources */,
				8BBB7D451CAFD92D00AAB1BF /* img_1.png in Resources */,
				8BBB7D4C1CAFD92D00AAB1BF /* img_3@2x.png in Resources */,
				8BBB7D501CAFD92D00AAB1BF /* img_4@3x.png in Resources */,
				6003F598195388D20070C39A /* InfoPlist.strings in Resources */,
				8BBB7D531CAFD92D00AAB1BF /* img_5@3x.png in Resources */,
				8BBB7D471CAFD92D00AAB1BF /* img_1@3x.png in Resources */,
				8BBB7D4B1CAFD92D00AAB1BF /* img_3.png in Resources */,
				8BBB7D4E1CAFD92D00AAB1BF /* img_4.png in Resources */,
				8BBB7D541CAFD92D00AAB1BF /* img_6.png in Resources */,
				8BBB7D4D1CAFD92D00AAB1BF /* img_3@3x.png in Resources */,
			);
			runOnlyForDeploymentPostprocessing = 0;
		};
		6003F5AC195388D20070C39A /* Resources */ = {
			isa = PBXResourcesBuildPhase;
			buildActionMask = 2147483647;
			files = (
				6003F5BA195388D20070C39A /* InfoPlist.strings in Resources */,
			);
			runOnlyForDeploymentPostprocessing = 0;
		};
/* End PBXResourcesBuildPhase section */

/* Begin PBXShellScriptBuildPhase section */
		2308D119BE18005DF9DB0D62 /* 📦 Check Pods Manifest.lock */ = {
			isa = PBXShellScriptBuildPhase;
			buildActionMask = 2147483647;
			files = (
			);
			inputPaths = (
			);
			name = "📦 Check Pods Manifest.lock";
			outputPaths = (
			);
			runOnlyForDeploymentPostprocessing = 0;
			shellPath = /bin/sh;
			shellScript = "diff \"${PODS_ROOT}/../Podfile.lock\" \"${PODS_ROOT}/Manifest.lock\" > /dev/null\nif [[ $? != 0 ]] ; then\n    cat << EOM\nerror: The sandbox is not in sync with the Podfile.lock. Run 'pod install' or update your CocoaPods installation.\nEOM\n    exit 1\nfi\n";
			showEnvVarsInLog = 0;
		};
		62314ADC26DEFED930CB6DCC /* 📦 Copy Pods Resources */ = {
			isa = PBXShellScriptBuildPhase;
			buildActionMask = 8;
			files = (
			);
			inputPaths = (
			);
			name = "📦 Copy Pods Resources";
			outputPaths = (
			);
			runOnlyForDeploymentPostprocessing = 1;
			shellPath = /bin/sh;
			shellScript = "\"${SRCROOT}/Pods/Target Support Files/Pods-EMEmojiableBtn_Example/Pods-EMEmojiableBtn_Example-resources.sh\"\n";
			showEnvVarsInLog = 0;
		};
		8CC9C9E08DF263A3DEAAFF18 /* 📦 Embed Pods Frameworks */ = {
			isa = PBXShellScriptBuildPhase;
			buildActionMask = 2147483647;
			files = (
			);
			inputPaths = (
			);
			name = "📦 Embed Pods Frameworks";
			outputPaths = (
			);
			runOnlyForDeploymentPostprocessing = 0;
			shellPath = /bin/sh;
			shellScript = "\"${SRCROOT}/Pods/Target Support Files/Pods-EMEmojiableBtn_Tests/Pods-EMEmojiableBtn_Tests-frameworks.sh\"\n";
			showEnvVarsInLog = 0;
		};
		92BFB550A6403BBB866FA4F5 /* 📦 Check Pods Manifest.lock */ = {
			isa = PBXShellScriptBuildPhase;
			buildActionMask = 8;
			files = (
			);
			inputPaths = (
			);
			name = "📦 Check Pods Manifest.lock";
			outputPaths = (
			);
			runOnlyForDeploymentPostprocessing = 1;
			shellPath = /bin/sh;
			shellScript = "diff \"${PODS_ROOT}/../Podfile.lock\" \"${PODS_ROOT}/Manifest.lock\" > /dev/null\nif [[ $? != 0 ]] ; then\n    cat << EOM\nerror: The sandbox is not in sync with the Podfile.lock. Run 'pod install' or update your CocoaPods installation.\nEOM\n    exit 1\nfi\n";
			showEnvVarsInLog = 0;
		};
		AC86A9BD9D30A4FE10A8C33E /* 📦 Embed Pods Frameworks */ = {
			isa = PBXShellScriptBuildPhase;
			buildActionMask = 2147483647;
			files = (
			);
			inputPaths = (
			);
			name = "📦 Embed Pods Frameworks";
			outputPaths = (
			);
			runOnlyForDeploymentPostprocessing = 0;
			shellPath = /bin/sh;
			shellScript = "\"${SRCROOT}/Pods/Target Support Files/Pods-EMEmojiableBtn_Example/Pods-EMEmojiableBtn_Example-frameworks.sh\"\n";
			showEnvVarsInLog = 0;
		};
		BAF928D6CC5813025A997CB2 /* 📦 Copy Pods Resources */ = {
			isa = PBXShellScriptBuildPhase;
			buildActionMask = 2147483647;
			files = (
			);
			inputPaths = (
			);
			name = "📦 Copy Pods Resources";
			outputPaths = (
			);
			runOnlyForDeploymentPostprocessing = 0;
			shellPath = /bin/sh;
			shellScript = "\"${SRCROOT}/Pods/Target Support Files/Pods-EMEmojiableBtn_Tests/Pods-EMEmojiableBtn_Tests-resources.sh\"\n";
			showEnvVarsInLog = 0;
		};
/* End PBXShellScriptBuildPhase section */

/* Begin PBXSourcesBuildPhase section */
		6003F586195388D20070C39A /* Sources */ = {
			isa = PBXSourcesBuildPhase;
			buildActionMask = 2147483647;
			files = (
				6003F59E195388D20070C39A /* EMAppDelegate.m in Sources */,
				6003F5A7195388D20070C39A /* EMViewController.m in Sources */,
				6003F59A195388D20070C39A /* main.m in Sources */,
			);
			runOnlyForDeploymentPostprocessing = 0;
		};
		6003F5AA195388D20070C39A /* Sources */ = {
			isa = PBXSourcesBuildPhase;
			buildActionMask = 2147483647;
			files = (
				6003F5BC195388D20070C39A /* Tests.m in Sources */,
			);
			runOnlyForDeploymentPostprocessing = 0;
		};
/* End PBXSourcesBuildPhase section */

/* Begin PBXTargetDependency section */
		6003F5B4195388D20070C39A /* PBXTargetDependency */ = {
			isa = PBXTargetDependency;
			target = 6003F589195388D20070C39A /* EMEmojiableBtn_Example */;
			targetProxy = 6003F5B3195388D20070C39A /* PBXContainerItemProxy */;
		};
/* End PBXTargetDependency section */

/* Begin PBXVariantGroup section */
		6003F596195388D20070C39A /* InfoPlist.strings */ = {
			isa = PBXVariantGroup;
			children = (
				6003F597195388D20070C39A /* en */,
			);
			name = InfoPlist.strings;
			sourceTree = "<group>";
		};
		6003F5B8195388D20070C39A /* InfoPlist.strings */ = {
			isa = PBXVariantGroup;
			children = (
				6003F5B9195388D20070C39A /* en */,
			);
			name = InfoPlist.strings;
			sourceTree = "<group>";
		};
/* End PBXVariantGroup section */

/* Begin XCBuildConfiguration section */
		6003F5BD195388D20070C39A /* Debug */ = {
			isa = XCBuildConfiguration;
			buildSettings = {
				ALWAYS_SEARCH_USER_PATHS = NO;
				CLANG_CXX_LANGUAGE_STANDARD = "gnu++0x";
				CLANG_CXX_LIBRARY = "libc++";
				CLANG_ENABLE_MODULES = YES;
				CLANG_ENABLE_OBJC_ARC = YES;
				CLANG_WARN_BOOL_CONVERSION = YES;
				CLANG_WARN_CONSTANT_CONVERSION = YES;
				CLANG_WARN_DIRECT_OBJC_ISA_USAGE = YES_ERROR;
				CLANG_WARN_EMPTY_BODY = YES;
				CLANG_WARN_ENUM_CONVERSION = YES;
				CLANG_WARN_INT_CONVERSION = YES;
				CLANG_WARN_OBJC_ROOT_CLASS = YES_ERROR;
				CLANG_WARN__DUPLICATE_METHOD_MATCH = YES;
				"CODE_SIGN_IDENTITY[sdk=iphoneos*]" = "iPhone Developer";
				COPY_PHASE_STRIP = NO;
				ENABLE_TESTABILITY = YES;
				GCC_C_LANGUAGE_STANDARD = gnu99;
				GCC_DYNAMIC_NO_PIC = NO;
				GCC_OPTIMIZATION_LEVEL = 0;
				GCC_PREPROCESSOR_DEFINITIONS = (
					"DEBUG=1",
					"$(inherited)",
				);
				GCC_SYMBOLS_PRIVATE_EXTERN = NO;
				GCC_WARN_64_TO_32_BIT_CONVERSION = YES;
				GCC_WARN_ABOUT_RETURN_TYPE = YES_ERROR;
				GCC_WARN_UNDECLARED_SELECTOR = YES;
				GCC_WARN_UNINITIALIZED_AUTOS = YES_AGGRESSIVE;
				GCC_WARN_UNUSED_FUNCTION = YES;
				GCC_WARN_UNUSED_VARIABLE = YES;
				IPHONEOS_DEPLOYMENT_TARGET = 7.1;
				ONLY_ACTIVE_ARCH = YES;
				SDKROOT = iphoneos;
				TARGETED_DEVICE_FAMILY = "1,2";
			};
			name = Debug;
		};
		6003F5BE195388D20070C39A /* Release */ = {
			isa = XCBuildConfiguration;
			buildSettings = {
				ALWAYS_SEARCH_USER_PATHS = NO;
				CLANG_CXX_LANGUAGE_STANDARD = "gnu++0x";
				CLANG_CXX_LIBRARY = "libc++";
				CLANG_ENABLE_MODULES = YES;
				CLANG_ENABLE_OBJC_ARC = YES;
				CLANG_WARN_BOOL_CONVERSION = YES;
				CLANG_WARN_CONSTANT_CONVERSION = YES;
				CLANG_WARN_DIRECT_OBJC_ISA_USAGE = YES_ERROR;
				CLANG_WARN_EMPTY_BODY = YES;
				CLANG_WARN_ENUM_CONVERSION = YES;
				CLANG_WARN_INT_CONVERSION = YES;
				CLANG_WARN_OBJC_ROOT_CLASS = YES_ERROR;
				CLANG_WARN__DUPLICATE_METHOD_MATCH = YES;
				"CODE_SIGN_IDENTITY[sdk=iphoneos*]" = "iPhone Developer";
				COPY_PHASE_STRIP = YES;
				ENABLE_NS_ASSERTIONS = NO;
				GCC_C_LANGUAGE_STANDARD = gnu99;
				GCC_WARN_64_TO_32_BIT_CONVERSION = YES;
				GCC_WARN_ABOUT_RETURN_TYPE = YES_ERROR;
				GCC_WARN_UNDECLARED_SELECTOR = YES;
				GCC_WARN_UNINITIALIZED_AUTOS = YES_AGGRESSIVE;
				GCC_WARN_UNUSED_FUNCTION = YES;
				GCC_WARN_UNUSED_VARIABLE = YES;
				IPHONEOS_DEPLOYMENT_TARGET = 7.1;
				SDKROOT = iphoneos;
				TARGETED_DEVICE_FAMILY = "1,2";
				VALIDATE_PRODUCT = YES;
			};
			name = Release;
		};
		6003F5C0195388D20070C39A /* Debug */ = {
			isa = XCBuildConfiguration;
			baseConfigurationReference = 300630C3619F156BEF5ED2A5 /* Pods-EMEmojiableBtn_Example.debug.xcconfig */;
			buildSettings = {
				ASSETCATALOG_COMPILER_APPICON_NAME = AppIcon;
				ASSETCATALOG_COMPILER_LAUNCHIMAGE_NAME = LaunchImage;
				CODE_SIGN_IDENTITY = "";
				"CODE_SIGN_IDENTITY[sdk=iphoneos*]" = "iPhone Developer";
				GCC_PRECOMPILE_PREFIX_HEADER = YES;
				GCC_PREFIX_HEADER = "EMEmojiableBtn/EMEmojiableBtn-Prefix.pch";
				INFOPLIST_FILE = "EMEmojiableBtn/EMEmojiableBtn-Info.plist";
				IPHONEOS_DEPLOYMENT_TARGET = 8.4;
				MODULE_NAME = ExampleApp;
				PRODUCT_BUNDLE_IDENTIFIER = "org.cocoapods.demo.${PRODUCT_NAME:rfc1034identifier}";
				PRODUCT_NAME = "$(TARGET_NAME)";
				WRAPPER_EXTENSION = app;
			};
			name = Debug;
		};
		6003F5C1195388D20070C39A /* Release */ = {
			isa = XCBuildConfiguration;
			baseConfigurationReference = CD35F3497614D6C0A46A92EB /* Pods-EMEmojiableBtn_Example.release.xcconfig */;
			buildSettings = {
				ASSETCATALOG_COMPILER_APPICON_NAME = AppIcon;
				ASSETCATALOG_COMPILER_LAUNCHIMAGE_NAME = LaunchImage;
				CODE_SIGN_IDENTITY = "";
				"CODE_SIGN_IDENTITY[sdk=iphoneos*]" = "iPhone Developer";
				GCC_PRECOMPILE_PREFIX_HEADER = YES;
				GCC_PREFIX_HEADER = "EMEmojiableBtn/EMEmojiableBtn-Prefix.pch";
				INFOPLIST_FILE = "EMEmojiableBtn/EMEmojiableBtn-Info.plist";
				IPHONEOS_DEPLOYMENT_TARGET = 8.4;
				MODULE_NAME = ExampleApp;
				PRODUCT_BUNDLE_IDENTIFIER = "org.cocoapods.demo.${PRODUCT_NAME:rfc1034identifier}";
				PRODUCT_NAME = "$(TARGET_NAME)";
				WRAPPER_EXTENSION = app;
			};
			name = Release;
		};
		6003F5C3195388D20070C39A /* Debug */ = {
			isa = XCBuildConfiguration;
			baseConfigurationReference = 8127D5214F4A5D37B62B83A1 /* Pods-EMEmojiableBtn_Tests.debug.xcconfig */;
			buildSettings = {
				BUNDLE_LOADER = "$(TEST_HOST)";
				FRAMEWORK_SEARCH_PATHS = (
					"$(SDKROOT)/Developer/Library/Frameworks",
					"$(inherited)",
					"$(DEVELOPER_FRAMEWORKS_DIR)",
				);
				GCC_PRECOMPILE_PREFIX_HEADER = YES;
				GCC_PREFIX_HEADER = "Tests/Tests-Prefix.pch";
				GCC_PREPROCESSOR_DEFINITIONS = (
					"DEBUG=1",
					"$(inherited)",
				);
				INFOPLIST_FILE = "Tests/Tests-Info.plist";
				PRODUCT_BUNDLE_IDENTIFIER = "org.cocoapods.demo.${PRODUCT_NAME:rfc1034identifier}";
				PRODUCT_NAME = "$(TARGET_NAME)";
				TEST_HOST = "$(BUILT_PRODUCTS_DIR)/EMEmojiableBtn_Example.app/EMEmojiableBtn_Example";
				WRAPPER_EXTENSION = xctest;
			};
			name = Debug;
		};
		6003F5C4195388D20070C39A /* Release */ = {
			isa = XCBuildConfiguration;
			baseConfigurationReference = 8F831A2D6582B6F5DEDD4752 /* Pods-EMEmojiableBtn_Tests.release.xcconfig */;
			buildSettings = {
				BUNDLE_LOADER = "$(TEST_HOST)";
				FRAMEWORK_SEARCH_PATHS = (
					"$(SDKROOT)/Developer/Library/Frameworks",
					"$(inherited)",
					"$(DEVELOPER_FRAMEWORKS_DIR)",
				);
				GCC_PRECOMPILE_PREFIX_HEADER = YES;
				GCC_PREFIX_HEADER = "Tests/Tests-Prefix.pch";
				INFOPLIST_FILE = "Tests/Tests-Info.plist";
				PRODUCT_BUNDLE_IDENTIFIER = "org.cocoapods.demo.${PRODUCT_NAME:rfc1034identifier}";
				PRODUCT_NAME = "$(TARGET_NAME)";
				TEST_HOST = "$(BUILT_PRODUCTS_DIR)/EMEmojiableBtn_Example.app/EMEmojiableBtn_Example";
				WRAPPER_EXTENSION = xctest;
			};
			name = Release;
		};
/* End XCBuildConfiguration section */

/* Begin XCConfigurationList section */
		6003F585195388D10070C39A /* Build configuration list for PBXProject "EMEmojiableBtn" */ = {
			isa = XCConfigurationList;
			buildConfigurations = (
				6003F5BD195388D20070C39A /* Debug */,
				6003F5BE195388D20070C39A /* Release */,
			);
			defaultConfigurationIsVisible = 0;
			defaultConfigurationName = Release;
		};
		6003F5BF195388D20070C39A /* Build configuration list for PBXNativeTarget "EMEmojiableBtn_Example" */ = {
			isa = XCConfigurationList;
			buildConfigurations = (
				6003F5C0195388D20070C39A /* Debug */,
				6003F5C1195388D20070C39A /* Release */,
			);
			defaultConfigurationIsVisible = 0;
			defaultConfigurationName = Release;
		};
		6003F5C2195388D20070C39A /* Build configuration list for PBXNativeTarget "EMEmojiableBtn_Tests" */ = {
			isa = XCConfigurationList;
			buildConfigurations = (
				6003F5C3195388D20070C39A /* Debug */,
				6003F5C4195388D20070C39A /* Release */,
			);
			defaultConfigurationIsVisible = 0;
			defaultConfigurationName = Release;
		};
/* End XCConfigurationList section */
	};
	rootObject = 6003F582195388D10070C39A /* Project object */;
}
